
Microsoft Visual Studio Solution File, Format Version 12.00
# Visual Studio Version 17
VisualStudioVersion = 17.6.33815.320
MinimumVisualStudioVersion = 10.0.40219.1
Project("{FAE04EC0-301F-11D3-BF4B-00C04F79EFBC}") = "MessageAppParser", "MessageAppParser\MessageAppParser.csproj", "{C2E83A6B-C3F4-4D7B-B014-40791BBFFEB0}"
EndProject
Global
	GlobalSection(SolutionConfigurationPlatforms) = preSolution
		Debug|Any CPU = Debug|Any CPU
		Release|Any CPU = Release|Any CPU
	EndGlobalSection
	GlobalSection(ProjectConfigurationPlatforms) = postSolution
		{C2E83A6B-C3F4-4D7B-B014-40791BBFFEB0}.Debug|Any CPU.ActiveCfg = Debug|Any CPU
		{C2E83A6B-C3F4-4D7B-B014-40791BBFFEB0}.Debug|Any CPU.Build.0 = Debug|Any CPU
		{C2E83A6B-C3F4-4D7B-B014-40791BBFFEB0}.Release|Any CPU.ActiveCfg = Release|Any CPU
		{C2E83A6B-C3F4-4D7B-B014-40791BBFFEB0}.Release|Any CPU.Build.0 = Release|Any CPU
	EndGlobalSection
	GlobalSection(SolutionProperties) = preSolution
		HideSolutionNode = FALSE
	EndGlobalSection
	GlobalSection(ExtensibilityGlobals) = postSolution
		SolutionGuid = {6A06C44E-521E-4FB8-AC75-05FF261151A3}
	EndGlobalSection
EndGlobal
